
Microsoft Visual Studio Solution File, Format Version 12.00
Project("{FAE04EC0-301F-11D3-BF4B-00C04F79EFBC}") = "Salus.AspNetCore", "src\Salus.AspNetCore\Salus.AspNetCore.csproj", "{9BE03F3D-A5B4-4E2E-BCD5-71CBFD577431}"
EndProject
Project("{2150E333-8FDC-42A3-9474-1A3956D46DE8}") = "samples", "samples", "{4AC6904E-947A-477B-B87D-23E34A5D0B76}"
EndProject
Project("{FAE04EC0-301F-11D3-BF4B-00C04F79EFBC}") = "Minimal", "samples\Minimal\Minimal.csproj", "{427E9A2A-ADE0-4B1E-955C-19BF351822C8}"
EndProject
Global
	GlobalSection(SolutionConfigurationPlatforms) = preSolution
		Debug|Any CPU = Debug|Any CPU
		Release|Any CPU = Release|Any CPU
	EndGlobalSection
	GlobalSection(ProjectConfigurationPlatforms) = postSolution
		{9BE03F3D-A5B4-4E2E-BCD5-71CBFD577431}.Debug|Any CPU.ActiveCfg = Debug|Any CPU
		{9BE03F3D-A5B4-4E2E-BCD5-71CBFD577431}.Debug|Any CPU.Build.0 = Debug|Any CPU
		{9BE03F3D-A5B4-4E2E-BCD5-71CBFD577431}.Release|Any CPU.ActiveCfg = Release|Any CPU
		{9BE03F3D-A5B4-4E2E-BCD5-71CBFD577431}.Release|Any CPU.Build.0 = Release|Any CPU
		{427E9A2A-ADE0-4B1E-955C-19BF351822C8}.Debug|Any CPU.ActiveCfg = Debug|Any CPU
		{427E9A2A-ADE0-4B1E-955C-19BF351822C8}.Debug|Any CPU.Build.0 = Debug|Any CPU
		{427E9A2A-ADE0-4B1E-955C-19BF351822C8}.Release|Any CPU.ActiveCfg = Release|Any CPU
		{427E9A2A-ADE0-4B1E-955C-19BF351822C8}.Release|Any CPU.Build.0 = Release|Any CPU
	EndGlobalSection
	GlobalSection(NestedProjects) = preSolution
		{427E9A2A-ADE0-4B1E-955C-19BF351822C8} = {4AC6904E-947A-477B-B87D-23E34A5D0B76}
	EndGlobalSection
EndGlobal
